
Microsoft Visual Studio Solution File, Format Version 12.00
# Visual Studio 14
VisualStudioVersion = 14.0.25123.0
MinimumVisualStudioVersion = 10.0.40219.1
Project("{FAE04EC0-301F-11D3-BF4B-00C04F79EFBC}") = "Calendar", "Calendar\Calendar.csproj", "{AEE9C3D6-9C49-4FB2-8DAB-C922E541F2EA}"
EndProject
Global
	GlobalSection(SolutionConfigurationPlatforms) = preSolution
		Debug|Any CPU = Debug|Any CPU
		Release|Any CPU = Release|Any CPU
	EndGlobalSection
	GlobalSection(ProjectConfigurationPlatforms) = postSolution
		{AEE9C3D6-9C49-4FB2-8DAB-C922E541F2EA}.Debug|Any CPU.ActiveCfg = Debug|Any CPU
		{AEE9C3D6-9C49-4FB2-8DAB-C922E541F2EA}.Debug|Any CPU.Build.0 = Debug|Any CPU
		{AEE9C3D6-9C49-4FB2-8DAB-C922E541F2EA}.Release|Any CPU.ActiveCfg = Release|Any CPU
		{AEE9C3D6-9C49-4FB2-8DAB-C922E541F2EA}.Release|Any CPU.Build.0 = Release|Any CPU
	EndGlobalSection
	GlobalSection(SolutionProperties) = preSolution
		HideSolutionNode = FALSE
	EndGlobalSection
EndGlobal
